
Microsoft Visual Studio Solution File, Format Version 12.00
# Visual Studio 15
VisualStudioVersion = 15.0.28307.421
MinimumVisualStudioVersion = 10.0.40219.1
Project("{FAE04EC0-301F-11D3-BF4B-00C04F79EFBC}") = "eMailroom", "eMailroom\eMailroom.csproj", "{64356649-C64E-43AB-90AA-1B57D11EDDF7}"
EndProject
Global
	GlobalSection(SolutionConfigurationPlatforms) = preSolution
		Debug|Any CPU = Debug|Any CPU
		Release|Any CPU = Release|Any CPU
	EndGlobalSection
	GlobalSection(ProjectConfigurationPlatforms) = postSolution
		{64356649-C64E-43AB-90AA-1B57D11EDDF7}.Debug|Any CPU.ActiveCfg = Debug|Any CPU
		{64356649-C64E-43AB-90AA-1B57D11EDDF7}.Debug|Any CPU.Build.0 = Debug|Any CPU
		{64356649-C64E-43AB-90AA-1B57D11EDDF7}.Release|Any CPU.ActiveCfg = Release|Any CPU
		{64356649-C64E-43AB-90AA-1B57D11EDDF7}.Release|Any CPU.Build.0 = Release|Any CPU
	EndGlobalSection
	GlobalSection(SolutionProperties) = preSolution
		HideSolutionNode = FALSE
	EndGlobalSection
	GlobalSection(ExtensibilityGlobals) = postSolution
		SolutionGuid = {D988DD6D-6D54-4FBC-97E1-280DAB1DFABE}
	EndGlobalSection
EndGlobal
